
Microsoft Visual Studio Solution File, Format Version 12.00
# Visual Studio 2012
Project("{FAE04EC0-301F-11D3-BF4B-00C04F79EFBC}") = "WMS.Services.Interface", "WMS.Services.Interface\WMS.Services.Interface.csproj", "{8614C472-294C-4E5F-A9F9-9B19D477239A}"
EndProject
Project("{FAE04EC0-301F-11D3-BF4B-00C04F79EFBC}") = "WMS.Services", "WMS.Services\WMS.Services.csproj", "{3DB22DD1-BC2E-4DE4-A9EC-1F2E2BA4A56B}"
EndProject
Project("{2150E333-8FDC-42A3-9474-1A3956D46DE8}") = "2.resource", "2.resource", "{C59C33AC-53B2-4304-A7D6-F00C37079D5D}"
	ProjectSection(SolutionItems) = preProject
		..\..\..\..\Remp\01.Remp.Framework\Xys.Remp.Web.Benchmark\elib.config = ..\..\..\..\Remp\01.Remp.Framework\Xys.Remp.Web.Benchmark\elib.config
		..\..\..\..\Remp\01.Remp.Framework\Xys.Remp.Web.Benchmark\Web.config = ..\..\..\..\Remp\01.Remp.Framework\Xys.Remp.Web.Benchmark\Web.config
	EndProjectSection
EndProject
Project("{FAE04EC0-301F-11D3-BF4B-00C04F79EFBC}") = "WMS.Web", "WMS.Web\WMS.Web.csproj", "{6A5D0054-6F72-468D-B08F-F4C104988222}"
EndProject
Global
	GlobalSection(SolutionConfigurationPlatforms) = preSolution
		Debug|Any CPU = Debug|Any CPU
		Deploy|Any CPU = Deploy|Any CPU
		License|Any CPU = License|Any CPU
		NUnit|Any CPU = NUnit|Any CPU
		Release|Any CPU = Release|Any CPU
		Test|Any CPU = Test|Any CPU
	EndGlobalSection
	GlobalSection(ProjectConfigurationPlatforms) = postSolution
		{8614C472-294C-4E5F-A9F9-9B19D477239A}.Debug|Any CPU.ActiveCfg = Debug|Any CPU
		{8614C472-294C-4E5F-A9F9-9B19D477239A}.Debug|Any CPU.Build.0 = Debug|Any CPU
		{8614C472-294C-4E5F-A9F9-9B19D477239A}.Deploy|Any CPU.ActiveCfg = Debug|Any CPU
		{8614C472-294C-4E5F-A9F9-9B19D477239A}.Deploy|Any CPU.Build.0 = Debug|Any CPU
		{8614C472-294C-4E5F-A9F9-9B19D477239A}.License|Any CPU.ActiveCfg = Release|Any CPU
		{8614C472-294C-4E5F-A9F9-9B19D477239A}.License|Any CPU.Build.0 = Release|Any CPU
		{8614C472-294C-4E5F-A9F9-9B19D477239A}.NUnit|Any CPU.ActiveCfg = Release|Any CPU
		{8614C472-294C-4E5F-A9F9-9B19D477239A}.NUnit|Any CPU.Build.0 = Release|Any CPU
		{8614C472-294C-4E5F-A9F9-9B19D477239A}.Release|Any CPU.ActiveCfg = Release|Any CPU
		{8614C472-294C-4E5F-A9F9-9B19D477239A}.Release|Any CPU.Build.0 = Release|Any CPU
		{8614C472-294C-4E5F-A9F9-9B19D477239A}.Test|Any CPU.ActiveCfg = Release|Any CPU
		{8614C472-294C-4E5F-A9F9-9B19D477239A}.Test|Any CPU.Build.0 = Release|Any CPU
		{3DB22DD1-BC2E-4DE4-A9EC-1F2E2BA4A56B}.Debug|Any CPU.ActiveCfg = Debug|Any CPU
		{3DB22DD1-BC2E-4DE4-A9EC-1F2E2BA4A56B}.Debug|Any CPU.Build.0 = Debug|Any CPU
		{3DB22DD1-BC2E-4DE4-A9EC-1F2E2BA4A56B}.Deploy|Any CPU.ActiveCfg = Debug|Any CPU
		{3DB22DD1-BC2E-4DE4-A9EC-1F2E2BA4A56B}.Deploy|Any CPU.Build.0 = Debug|Any CPU
		{3DB22DD1-BC2E-4DE4-A9EC-1F2E2BA4A56B}.License|Any CPU.ActiveCfg = Release|Any CPU
		{3DB22DD1-BC2E-4DE4-A9EC-1F2E2BA4A56B}.License|Any CPU.Build.0 = Release|Any CPU
		{3DB22DD1-BC2E-4DE4-A9EC-1F2E2BA4A56B}.NUnit|Any CPU.ActiveCfg = Release|Any CPU
		{3DB22DD1-BC2E-4DE4-A9EC-1F2E2BA4A56B}.NUnit|Any CPU.Build.0 = Release|Any CPU
		{3DB22DD1-BC2E-4DE4-A9EC-1F2E2BA4A56B}.Release|Any CPU.ActiveCfg = Release|Any CPU
		{3DB22DD1-BC2E-4DE4-A9EC-1F2E2BA4A56B}.Release|Any CPU.Build.0 = Release|Any CPU
		{3DB22DD1-BC2E-4DE4-A9EC-1F2E2BA4A56B}.Test|Any CPU.ActiveCfg = Release|Any CPU
		{3DB22DD1-BC2E-4DE4-A9EC-1F2E2BA4A56B}.Test|Any CPU.Build.0 = Release|Any CPU
		{6A5D0054-6F72-468D-B08F-F4C104988222}.Debug|Any CPU.ActiveCfg = Debug|Any CPU
		{6A5D0054-6F72-468D-B08F-F4C104988222}.Debug|Any CPU.Build.0 = Debug|Any CPU
		{6A5D0054-6F72-468D-B08F-F4C104988222}.Deploy|Any CPU.ActiveCfg = Debug|Any CPU
		{6A5D0054-6F72-468D-B08F-F4C104988222}.Deploy|Any CPU.Build.0 = Debug|Any CPU
		{6A5D0054-6F72-468D-B08F-F4C104988222}.License|Any CPU.ActiveCfg = Release|Any CPU
		{6A5D0054-6F72-468D-B08F-F4C104988222}.License|Any CPU.Build.0 = Release|Any CPU
		{6A5D0054-6F72-468D-B08F-F4C104988222}.NUnit|Any CPU.ActiveCfg = Release|Any CPU
		{6A5D0054-6F72-468D-B08F-F4C104988222}.NUnit|Any CPU.Build.0 = Release|Any CPU
		{6A5D0054-6F72-468D-B08F-F4C104988222}.Release|Any CPU.ActiveCfg = Release|Any CPU
		{6A5D0054-6F72-468D-B08F-F4C104988222}.Release|Any CPU.Build.0 = Release|Any CPU
		{6A5D0054-6F72-468D-B08F-F4C104988222}.Test|Any CPU.ActiveCfg = Release|Any CPU
		{6A5D0054-6F72-468D-B08F-F4C104988222}.Test|Any CPU.Build.0 = Release|Any CPU
	EndGlobalSection
	GlobalSection(SolutionProperties) = preSolution
		HideSolutionNode = FALSE
	EndGlobalSection
EndGlobal
